
Microsoft Visual Studio Solution File, Format Version 12.00
# Visual Studio Version 17
VisualStudioVersion = 17.1.32228.430
MinimumVisualStudioVersion = 10.0.40219.1
Project("{FAE04EC0-301F-11D3-BF4B-00C04F79EFBC}") = "DemoModelStateTesting", "DemoModelStateTesting\DemoModelStateTesting.csproj", "{11472C3A-7E66-47C7-92EE-D23B39B92AA5}"
EndProject
Project("{FAE04EC0-301F-11D3-BF4B-00C04F79EFBC}") = "TestMovie", "TestMovie\TestMovie.csproj", "{F594ADA6-68CA-447F-BC89-0DDF0C238DBB}"
EndProject
Global
	GlobalSection(SolutionConfigurationPlatforms) = preSolution
		Debug|Any CPU = Debug|Any CPU
		Release|Any CPU = Release|Any CPU
	EndGlobalSection
	GlobalSection(ProjectConfigurationPlatforms) = postSolution
		{11472C3A-7E66-47C7-92EE-D23B39B92AA5}.Debug|Any CPU.ActiveCfg = Debug|Any CPU
		{11472C3A-7E66-47C7-92EE-D23B39B92AA5}.Debug|Any CPU.Build.0 = Debug|Any CPU
		{11472C3A-7E66-47C7-92EE-D23B39B92AA5}.Release|Any CPU.ActiveCfg = Release|Any CPU
		{11472C3A-7E66-47C7-92EE-D23B39B92AA5}.Release|Any CPU.Build.0 = Release|Any CPU
		{F594ADA6-68CA-447F-BC89-0DDF0C238DBB}.Debug|Any CPU.ActiveCfg = Debug|Any CPU
		{F594ADA6-68CA-447F-BC89-0DDF0C238DBB}.Debug|Any CPU.Build.0 = Debug|Any CPU
		{F594ADA6-68CA-447F-BC89-0DDF0C238DBB}.Release|Any CPU.ActiveCfg = Release|Any CPU
		{F594ADA6-68CA-447F-BC89-0DDF0C238DBB}.Release|Any CPU.Build.0 = Release|Any CPU
	EndGlobalSection
	GlobalSection(SolutionProperties) = preSolution
		HideSolutionNode = FALSE
	EndGlobalSection
	GlobalSection(ExtensibilityGlobals) = postSolution
		SolutionGuid = {F0FA4D46-700B-421A-9661-4609C5A7EAB4}
	EndGlobalSection
EndGlobal
